
Microsoft Visual Studio Solution File, Format Version 12.00
# Visual Studio Version 17
VisualStudioVersion = 17.12.35527.113 d17.12
MinimumVisualStudioVersion = 10.0.40219.1
Project("{FAE04EC0-301F-11D3-BF4B-00C04F79EFBC}") = "ForecastAPI", "ForecastAPI\ForecastAPI.csproj", "{3B062A99-8D98-4D8B-9D77-3715D15B97FB}"
EndProject
Global
	GlobalSection(SolutionConfigurationPlatforms) = preSolution
		Debug|Any CPU = Debug|Any CPU
		Release|Any CPU = Release|Any CPU
	EndGlobalSection
	GlobalSection(ProjectConfigurationPlatforms) = postSolution
		{3B062A99-8D98-4D8B-9D77-3715D15B97FB}.Debug|Any CPU.ActiveCfg = Debug|Any CPU
		{3B062A99-8D98-4D8B-9D77-3715D15B97FB}.Debug|Any CPU.Build.0 = Debug|Any CPU
		{3B062A99-8D98-4D8B-9D77-3715D15B97FB}.Release|Any CPU.ActiveCfg = Release|Any CPU
		{3B062A99-8D98-4D8B-9D77-3715D15B97FB}.Release|Any CPU.Build.0 = Release|Any CPU
	EndGlobalSection
	GlobalSection(SolutionProperties) = preSolution
		HideSolutionNode = FALSE
	EndGlobalSection
EndGlobal
